
Microsoft Visual Studio Solution File, Format Version 12.00
# Visual Studio Version 17
VisualStudioVersion = 17.7.34024.191
MinimumVisualStudioVersion = 10.0.40219.1
Project("{9A19103F-16F7-4668-BE54-9A1E7A4F7556}") = "ActiveDirectoryToRestApi", "src\ActiveDirectoryToRestApi\ActiveDirectoryToRestApi.csproj", "{2A1D2EF2-8050-48ED-AD6A-0049D800DE39}"
EndProject
Project("{2150E333-8FDC-42A3-9474-1A3956D46DE8}") = "Solution Items", "Solution Items", "{69C1A7CC-CE13-44EC-924A-104C576C2D34}"
	ProjectSection(SolutionItems) = preProject
		LICENSE = LICENSE
		README.md = README.md
	EndProjectSection
EndProject
Global
	GlobalSection(SolutionConfigurationPlatforms) = preSolution
		Debug|Any CPU = Debug|Any CPU
		Release|Any CPU = Release|Any CPU
	EndGlobalSection
	GlobalSection(ProjectConfigurationPlatforms) = postSolution
		{2A1D2EF2-8050-48ED-AD6A-0049D800DE39}.Debug|Any CPU.ActiveCfg = Debug|Any CPU
		{2A1D2EF2-8050-48ED-AD6A-0049D800DE39}.Debug|Any CPU.Build.0 = Debug|Any CPU
		{2A1D2EF2-8050-48ED-AD6A-0049D800DE39}.Release|Any CPU.ActiveCfg = Release|Any CPU
		{2A1D2EF2-8050-48ED-AD6A-0049D800DE39}.Release|Any CPU.Build.0 = Release|Any CPU
	EndGlobalSection
	GlobalSection(SolutionProperties) = preSolution
		HideSolutionNode = FALSE
	EndGlobalSection
	GlobalSection(ExtensibilityGlobals) = postSolution
		SolutionGuid = {D76E9DAF-9C86-445C-B53D-A96BC45CD2C9}
	EndGlobalSection
EndGlobal
